
Microsoft Visual Studio Solution File, Format Version 12.00
# Visual Studio 2015
Project("{FAE04EC0-301F-11D3-BF4B-00C04F79EFBC}") = "IGGJ9.CSharp", "IGGJ9.CSharp.csproj", "{E7791C2C-DA85-F7EA-9BCA-CE9C3C2133DD}"
EndProject
Project("{FAE04EC0-301F-11D3-BF4B-00C04F79EFBC}") = "IGGJ9.CSharp.Editor", "IGGJ9.CSharp.Editor.csproj", "{D14D6514-D3CA-5735-DC91-2A7F5FE125E3}"
EndProject
Global
	GlobalSection(SolutionConfigurationPlatforms) = preSolution
		Debug|Any CPU = Debug|Any CPU
		Release|Any CPU = Release|Any CPU
	EndGlobalSection
	GlobalSection(ProjectConfigurationPlatforms) = postSolution
		{E7791C2C-DA85-F7EA-9BCA-CE9C3C2133DD}.Debug|Any CPU.ActiveCfg = Debug|Any CPU
		{E7791C2C-DA85-F7EA-9BCA-CE9C3C2133DD}.Debug|Any CPU.Build.0 = Debug|Any CPU
		{E7791C2C-DA85-F7EA-9BCA-CE9C3C2133DD}.Release|Any CPU.ActiveCfg = Release|Any CPU
		{E7791C2C-DA85-F7EA-9BCA-CE9C3C2133DD}.Release|Any CPU.Build.0 = Release|Any CPU
		{D14D6514-D3CA-5735-DC91-2A7F5FE125E3}.Debug|Any CPU.ActiveCfg = Debug|Any CPU
		{D14D6514-D3CA-5735-DC91-2A7F5FE125E3}.Debug|Any CPU.Build.0 = Debug|Any CPU
		{D14D6514-D3CA-5735-DC91-2A7F5FE125E3}.Release|Any CPU.ActiveCfg = Release|Any CPU
		{D14D6514-D3CA-5735-DC91-2A7F5FE125E3}.Release|Any CPU.Build.0 = Release|Any CPU
	EndGlobalSection
	GlobalSection(SolutionProperties) = preSolution
		HideSolutionNode = FALSE
	EndGlobalSection
EndGlobal
